// !$*UTF8*$!
{
	archiveVersion = 1;
	classes = {
	};
	objectVersion = 56;
	objects = {

/* Begin PBXBuildFile section */
		6A8D597F2AD48AE300EBAA89 /* _ryptoTraderApp.swift in Sources */ = {isa = PBXBuildFile; fileRef = 6A8D597E2AD48AE300EBAA89 /* _ryptoTraderApp.swift */; };
		6A8D59812AD48AE300EBAA89 /* ContentView.swift in Sources */ = {isa = PBXBuildFile; fileRef = 6A8D59802AD48AE300EBAA89 /* ContentView.swift */; };
		6A8D59832AD48AE700EBAA89 /* Assets.xcassets in Resources */ = {isa = PBXBuildFile; fileRef = 6A8D59822AD48AE700EBAA89 /* Assets.xcassets */; };
		6A8D59862AD48AE700EBAA89 /* Preview Assets.xcassets in Resources */ = {isa = PBXBuildFile; fileRef = 6A8D59852AD48AE700EBAA89 /* Preview Assets.xcassets */; };
		6A8D598E2AD4AD4400EBAA89 /* CryptoService.swift in Sources */ = {isa = PBXBuildFile; fileRef = 6A8D598D2AD4AD4400EBAA89 /* CryptoService.swift */; };
		6A8D59902AD4B18C00EBAA89 /* Models.swift in Sources */ = {isa = PBXBuildFile; fileRef = 6A8D598F2AD4B18C00EBAA89 /* Models.swift */; };
		6A8D599B2AD5A4BD00EBAA89 /* CryptoDataManager.swift in Sources */ = {isa = PBXBuildFile; fileRef = 6A8D599A2AD5A4BD00EBAA89 /* CryptoDataManager.swift */; };
		6A8D599D2AD6A77100EBAA89 /* OpenAiRequest.swift in Sources */ = {isa = PBXBuildFile; fileRef = 6A8D599C2AD6A77100EBAA89 /* OpenAiRequest.swift */; };
		6A8D599F2AD6ADCD00EBAA89 /* AnalyticsService.swift in Sources */ = {isa = PBXBuildFile; fileRef = 6A8D599E2AD6ADCD00EBAA89 /* AnalyticsService.swift */; };
/* End PBXBuildFile section */

/* Begin PBXFileReference section */
		6A8D597B2AD48AE300EBAA89 /* СryptoTrader.app */ = {isa = PBXFileReference; explicitFileType = wrapper.application; includeInIndex = 0; path = "СryptoTrader.app"; sourceTree = BUILT_PRODUCTS_DIR; };
		6A8D597E2AD48AE300EBAA89 /* _ryptoTraderApp.swift */ = {isa = PBXFileReference; lastKnownFileType = sourcecode.swift; path = _ryptoTraderApp.swift; sourceTree = "<group>"; };
		6A8D59802AD48AE300EBAA89 /* ContentView.swift */ = {isa = PBXFileReference; lastKnownFileType = sourcecode.swift; path = ContentView.swift; sourceTree = "<group>"; };
		6A8D59822AD48AE700EBAA89 /* Assets.xcassets */ = {isa = PBXFileReference; lastKnownFileType = folder.assetcatalog; path = Assets.xcassets; sourceTree = "<group>"; };
		6A8D59852AD48AE700EBAA89 /* Preview Assets.xcassets */ = {isa = PBXFileReference; lastKnownFileType = folder.assetcatalog; path = "Preview Assets.xcassets"; sourceTree = "<group>"; };
		6A8D598D2AD4AD4400EBAA89 /* CryptoService.swift */ = {isa = PBXFileReference; lastKnownFileType = sourcecode.swift; path = CryptoService.swift; sourceTree = "<group>"; };
		6A8D598F2AD4B18C00EBAA89 /* Models.swift */ = {isa = PBXFileReference; lastKnownFileType = sourcecode.swift; path = Models.swift; sourceTree = "<group>"; };
		6A8D599A2AD5A4BD00EBAA89 /* CryptoDataManager.swift */ = {isa = PBXFileReference; lastKnownFileType = sourcecode.swift; path = CryptoDataManager.swift; sourceTree = "<group>"; };
		6A8D599C2AD6A77100EBAA89 /* OpenAiRequest.swift */ = {isa = PBXFileReference; lastKnownFileType = sourcecode.swift; path = OpenAiRequest.swift; sourceTree = "<group>"; };
		6A8D599E2AD6ADCD00EBAA89 /* AnalyticsService.swift */ = {isa = PBXFileReference; lastKnownFileType = sourcecode.swift; path = AnalyticsService.swift; sourceTree = "<group>"; };
/* End PBXFileReference section */

/* Begin PBXFrameworksBuildPhase section */
		6A8D59782AD48AE300EBAA89 /* Frameworks */ = {
			isa = PBXFrameworksBuildPhase;
			buildActionMask = 2147483647;
			files = (
			);
			runOnlyForDeploymentPostprocessing = 0;
		};
/* End PBXFrameworksBuildPhase section */

/* Begin PBXGroup section */
		6A8D59722AD48AE300EBAA89 = {
			isa = PBXGroup;
			children = (
				6A8D597D2AD48AE300EBAA89 /* СryptoTrader */,
				6A8D597C2AD48AE300EBAA89 /* Products */,
			);
			sourceTree = "<group>";
		};
		6A8D597C2AD48AE300EBAA89 /* Products */ = {
			isa = PBXGroup;
			children = (
				6A8D597B2AD48AE300EBAA89 /* СryptoTrader.app */,
			);
			name = Products;
			sourceTree = "<group>";
		};
		6A8D597D2AD48AE300EBAA89 /* СryptoTrader */ = {
			isa = PBXGroup;
			children = (
				6A8D597E2AD48AE300EBAA89 /* _ryptoTraderApp.swift */,
				6A8D59802AD48AE300EBAA89 /* ContentView.swift */,
				6A8D598F2AD4B18C00EBAA89 /* Models.swift */,
				6A8D598D2AD4AD4400EBAA89 /* CryptoService.swift */,
				6A8D599E2AD6ADCD00EBAA89 /* AnalyticsService.swift */,
				6A8D59822AD48AE700EBAA89 /* Assets.xcassets */,
				6A8D599C2AD6A77100EBAA89 /* OpenAiRequest.swift */,
				6A8D59842AD48AE700EBAA89 /* Preview Content */,
				6A8D599A2AD5A4BD00EBAA89 /* CryptoDataManager.swift */,
			);
			path = "СryptoTrader";
			sourceTree = "<group>";
		};
		6A8D59842AD48AE700EBAA89 /* Preview Content */ = {
			isa = PBXGroup;
			children = (
				6A8D59852AD48AE700EBAA89 /* Preview Assets.xcassets */,
			);
			path = "Preview Content";
			sourceTree = "<group>";
		};
/* End PBXGroup section */

/* Begin PBXNativeTarget section */
		6A8D597A2AD48AE300EBAA89 /* СryptoTrader */ = {
			isa = PBXNativeTarget;
			buildConfigurationList = 6A8D59892AD48AE700EBAA89 /* Build configuration list for PBXNativeTarget "СryptoTrader" */;
			buildPhases = (
				6A8D59772AD48AE300EBAA89 /* Sources */,
				6A8D59782AD48AE300EBAA89 /* Frameworks */,
				6A8D59792AD48AE300EBAA89 /* Resources */,
			);
			buildRules = (
			);
			dependencies = (
			);
			name = "СryptoTrader";
			productName = "СryptoTrader";
			productReference = 6A8D597B2AD48AE300EBAA89 /* СryptoTrader.app */;
			productType = "com.apple.product-type.application";
		};
/* End PBXNativeTarget section */

/* Begin PBXProject section */
		6A8D59732AD48AE300EBAA89 /* Project object */ = {
			isa = PBXProject;
			attributes = {
				BuildIndependentTargetsInParallel = 1;
				LastSwiftUpdateCheck = 1420;
				LastUpgradeCheck = 1420;
				TargetAttributes = {
					6A8D597A2AD48AE300EBAA89 = {
						CreatedOnToolsVersion = 14.2;
					};
				};
			};
			buildConfigurationList = 6A8D59762AD48AE300EBAA89 /* Build configuration list for PBXProject "СryptoTrader" */;
			compatibilityVersion = "Xcode 14.0";
			developmentRegion = en;
			hasScannedForEncodings = 0;
			knownRegions = (
				en,
				Base,
			);
			mainGroup = 6A8D59722AD48AE300EBAA89;
			productRefGroup = 6A8D597C2AD48AE300EBAA89 /* Products */;
			projectDirPath = "";
			projectRoot = "";
			targets = (
				6A8D597A2AD48AE300EBAA89 /* СryptoTrader */,
			);
		};
/* End PBXProject section */

/* Begin PBXResourcesBuildPhase section */
		6A8D59792AD48AE300EBAA89 /* Resources */ = {
			isa = PBXResourcesBuildPhase;
			buildActionMask = 2147483647;
			files = (
				6A8D59862AD48AE700EBAA89 /* Preview Assets.xcassets in Resources */,
				6A8D59832AD48AE700EBAA89 /* Assets.xcassets in Resources */,
			);
			runOnlyForDeploymentPostprocessing = 0;
		};
/* End PBXResourcesBuildPhase section */

/* Begin PBXSourcesBuildPhase section */
		6A8D59772AD48AE300EBAA89 /* Sources */ = {
			isa = PBXSourcesBuildPhase;
			buildActionMask = 2147483647;
			files = (
				6A8D599B2AD5A4BD00EBAA89 /* CryptoDataManager.swift in Sources */,
				6A8D59812AD48AE300EBAA89 /* ContentView.swift in Sources */,
				6A8D598E2AD4AD4400EBAA89 /* CryptoService.swift in Sources */,
				6A8D597F2AD48AE300EBAA89 /* _ryptoTraderApp.swift in Sources */,
				6A8D599D2AD6A77100EBAA89 /* OpenAiRequest.swift in Sources */,
				6A8D599F2AD6ADCD00EBAA89 /* AnalyticsService.swift in Sources */,
				6A8D59902AD4B18C00EBAA89 /* Models.swift in Sources */,
			);
			runOnlyForDeploymentPostprocessing = 0;
		};
/* End PBXSourcesBuildPhase section */

/* Begin XCBuildConfiguration section */
		6A8D59872AD48AE700EBAA89 /* Debug */ = {
			isa = XCBuildConfiguration;
			buildSettings = {
				ALWAYS_SEARCH_USER_PATHS = NO;
				CLANG_ANALYZER_NONNULL = YES;
				CLANG_ANALYZER_NUMBER_OBJECT_CONVERSION = YES_AGGRESSIVE;
				CLANG_CXX_LANGUAGE_STANDARD = "gnu++20";
				CLANG_ENABLE_MODULES = YES;
				CLANG_ENABLE_OBJC_ARC = YES;
				CLANG_ENABLE_OBJC_WEAK = YES;
				CLANG_WARN_BLOCK_CAPTURE_AUTORELEASING = YES;
				CLANG_WARN_BOOL_CONVERSION = YES;
				CLANG_WARN_COMMA = YES;
				CLANG_WARN_CONSTANT_CONVERSION = YES;
				CLANG_WARN_DEPRECATED_OBJC_IMPLEMENTATIONS = YES;
				CLANG_WARN_DIRECT_OBJC_ISA_USAGE = YES_ERROR;
				CLANG_WARN_DOCUMENTATION_COMMENTS = YES;
				CLANG_WARN_EMPTY_BODY = YES;
				CLANG_WARN_ENUM_CONVERSION = YES;
				CLANG_WARN_INFINITE_RECURSION = YES;
				CLANG_WARN_INT_CONVERSION = YES;
				CLANG_WARN_NON_LITERAL_NULL_CONVERSION = YES;
				CLANG_WARN_OBJC_IMPLICIT_RETAIN_SELF = YES;
				CLANG_WARN_OBJC_LITERAL_CONVERSION = YES;
				CLANG_WARN_OBJC_ROOT_CLASS = YES_ERROR;
				CLANG_WARN_QUOTED_INCLUDE_IN_FRAMEWORK_HEADER = YES;
				CLANG_WARN_RANGE_LOOP_ANALYSIS = YES;
				CLANG_WARN_STRICT_PROTOTYPES = YES;
				CLANG_WARN_SUSPICIOUS_MOVE = YES;
				CLANG_WARN_UNGUARDED_AVAILABILITY = YES_AGGRESSIVE;
				CLANG_WARN_UNREACHABLE_CODE = YES;
				CLANG_WARN__DUPLICATE_METHOD_MATCH = YES;
				COPY_PHASE_STRIP = NO;
				DEBUG_INFORMATION_FORMAT = dwarf;
				ENABLE_STRICT_OBJC_MSGSEND = YES;
				ENABLE_TESTABILITY = YES;
				GCC_C_LANGUAGE_STANDARD = gnu11;
				GCC_DYNAMIC_NO_PIC = NO;
				GCC_NO_COMMON_BLOCKS = YES;
				GCC_OPTIMIZATION_LEVEL = 0;
				GCC_PREPROCESSOR_DEFINITIONS = (
					"DEBUG=1",
					"$(inherited)",
				);
				GCC_WARN_64_TO_32_BIT_CONVERSION = YES;
				GCC_WARN_ABOUT_RETURN_TYPE = YES_ERROR;
				GCC_WARN_UNDECLARED_SELECTOR = YES;
				GCC_WARN_UNINITIALIZED_AUTOS = YES_AGGRESSIVE;
				GCC_WARN_UNUSED_FUNCTION = YES;
				GCC_WARN_UNUSED_VARIABLE = YES;
				IPHONEOS_DEPLOYMENT_TARGET = 16.2;
				MTL_ENABLE_DEBUG_INFO = INCLUDE_SOURCE;
				MTL_FAST_MATH = YES;
				ONLY_ACTIVE_ARCH = YES;
				SDKROOT = iphoneos;
				SWIFT_ACTIVE_COMPILATION_CONDITIONS = DEBUG;
				SWIFT_OPTIMIZATION_LEVEL = "-Onone";
			};
			name = Debug;
		};
		6A8D59882AD48AE700EBAA89 /* Release */ = {
			isa = XCBuildConfiguration;
			buildSettings = {
				ALWAYS_SEARCH_USER_PATHS = NO;
				CLANG_ANALYZER_NONNULL = YES;
				CLANG_ANALYZER_NUMBER_OBJECT_CONVERSION = YES_AGGRESSIVE;
				CLANG_CXX_LANGUAGE_STANDARD = "gnu++20";
				CLANG_ENABLE_MODULES = YES;
				CLANG_ENABLE_OBJC_ARC = YES;
				CLANG_ENABLE_OBJC_WEAK = YES;
				CLANG_WARN_BLOCK_CAPTURE_AUTORELEASING = YES;
				CLANG_WARN_BOOL_CONVERSION = YES;
				CLANG_WARN_COMMA = YES;
				CLANG_WARN_CONSTANT_CONVERSION = YES;
				CLANG_WARN_DEPRECATED_OBJC_IMPLEMENTATIONS = YES;
				CLANG_WARN_DIRECT_OBJC_ISA_USAGE = YES_ERROR;
				CLANG_WARN_DOCUMENTATION_COMMENTS = YES;
				CLANG_WARN_EMPTY_BODY = YES;
				CLANG_WARN_ENUM_CONVERSION = YES;
				CLANG_WARN_INFINITE_RECURSION = YES;
				CLANG_WARN_INT_CONVERSION = YES;
				CLANG_WARN_NON_LITERAL_NULL_CONVERSION = YES;
				CLANG_WARN_OBJC_IMPLICIT_RETAIN_SELF = YES;
				CLANG_WARN_OBJC_LITERAL_CONVERSION = YES;
				CLANG_WARN_OBJC_ROOT_CLASS = YES_ERROR;
				CLANG_WARN_QUOTED_INCLUDE_IN_FRAMEWORK_HEADER = YES;
				CLANG_WARN_RANGE_LOOP_ANALYSIS = YES;
				CLANG_WARN_STRICT_PROTOTYPES = YES;
				CLANG_WARN_SUSPICIOUS_MOVE = YES;
				CLANG_WARN_UNGUARDED_AVAILABILITY = YES_AGGRESSIVE;
				CLANG_WARN_UNREACHABLE_CODE = YES;
				CLANG_WARN__DUPLICATE_METHOD_MATCH = YES;
				COPY_PHASE_STRIP = NO;
				DEBUG_INFORMATION_FORMAT = "dwarf-with-dsym";
				ENABLE_NS_ASSERTIONS = NO;
				ENABLE_STRICT_OBJC_MSGSEND = YES;
				GCC_C_LANGUAGE_STANDARD = gnu11;
				GCC_NO_COMMON_BLOCKS = YES;
				GCC_WARN_64_TO_32_BIT_CONVERSION = YES;
				GCC_WARN_ABOUT_RETURN_TYPE = YES_ERROR;
				GCC_WARN_UNDECLARED_SELECTOR = YES;
				GCC_WARN_UNINITIALIZED_AUTOS = YES_AGGRESSIVE;
				GCC_WARN_UNUSED_FUNCTION = YES;
				GCC_WARN_UNUSED_VARIABLE = YES;
				IPHONEOS_DEPLOYMENT_TARGET = 16.2;
				MTL_ENABLE_DEBUG_INFO = NO;
				MTL_FAST_MATH = YES;
				SDKROOT = iphoneos;
				SWIFT_COMPILATION_MODE = wholemodule;
				SWIFT_OPTIMIZATION_LEVEL = "-O";
				VALIDATE_PRODUCT = YES;
			};
			name = Release;
		};
		6A8D598A2AD48AE700EBAA89 /* Debug */ = {
			isa = XCBuildConfiguration;
			buildSettings = {
				ASSETCATALOG_COMPILER_APPICON_NAME = AppIcon;
				ASSETCATALOG_COMPILER_GLOBAL_ACCENT_COLOR_NAME = AccentColor;
				CODE_SIGN_STYLE = Automatic;
				CURRENT_PROJECT_VERSION = 1;
				DEVELOPMENT_ASSET_PATHS = "\"СryptoTrader/Preview Content\"";
				DEVELOPMENT_TEAM = FT4QCN574T;
				ENABLE_PREVIEWS = YES;
				GENERATE_INFOPLIST_FILE = YES;
				INFOPLIST_KEY_UIApplicationSceneManifest_Generation = YES;
				INFOPLIST_KEY_UIApplicationSupportsIndirectInputEvents = YES;
				INFOPLIST_KEY_UILaunchScreen_Generation = YES;
				INFOPLIST_KEY_UISupportedInterfaceOrientations_iPad = "UIInterfaceOrientationPortrait UIInterfaceOrientationPortraitUpsideDown UIInterfaceOrientationLandscapeLeft UIInterfaceOrientationLandscapeRight";
				INFOPLIST_KEY_UISupportedInterfaceOrientations_iPhone = "UIInterfaceOrientationPortrait UIInterfaceOrientationLandscapeLeft UIInterfaceOrientationLandscapeRight";
				LD_RUNPATH_SEARCH_PATHS = (
					"$(inherited)",
					"@executable_path/Frameworks",
				);
				MARKETING_VERSION = 1.0;
				PRODUCT_BUNDLE_IDENTIFIER = "-.-ryptoTrader";
				PRODUCT_NAME = "$(TARGET_NAME)";
				SWIFT_EMIT_LOC_STRINGS = YES;
				SWIFT_VERSION = 5.0;
				TARGETED_DEVICE_FAMILY = "1,2";
			};
			name = Debug;
		};
		6A8D598B2AD48AE700EBAA89 /* Release */ = {
			isa = XCBuildConfiguration;
			buildSettings = {
				ASSETCATALOG_COMPILER_APPICON_NAME = AppIcon;
				ASSETCATALOG_COMPILER_GLOBAL_ACCENT_COLOR_NAME = AccentColor;
				CODE_SIGN_STYLE = Automatic;
				CURRENT_PROJECT_VERSION = 1;
				DEVELOPMENT_ASSET_PATHS = "\"СryptoTrader/Preview Content\"";
				DEVELOPMENT_TEAM = FT4QCN574T;
				ENABLE_PREVIEWS = YES;
				GENERATE_INFOPLIST_FILE = YES;
				INFOPLIST_KEY_UIApplicationSceneManifest_Generation = YES;
				INFOPLIST_KEY_UIApplicationSupportsIndirectInputEvents = YES;
				INFOPLIST_KEY_UILaunchScreen_Generation = YES;
				INFOPLIST_KEY_UISupportedInterfaceOrientations_iPad = "UIInterfaceOrientationPortrait UIInterfaceOrientationPortraitUpsideDown UIInterfaceOrientationLandscapeLeft UIInterfaceOrientationLandscapeRight";
				INFOPLIST_KEY_UISupportedInterfaceOrientations_iPhone = "UIInterfaceOrientationPortrait UIInterfaceOrientationLandscapeLeft UIInterfaceOrientationLandscapeRight";
				LD_RUNPATH_SEARCH_PATHS = (
					"$(inherited)",
					"@executable_path/Frameworks",
				);
				MARKETING_VERSION = 1.0;
				PRODUCT_BUNDLE_IDENTIFIER = "-.-ryptoTrader";
				PRODUCT_NAME = "$(TARGET_NAME)";
				SWIFT_EMIT_LOC_STRINGS = YES;
				SWIFT_VERSION = 5.0;
				TARGETED_DEVICE_FAMILY = "1,2";
			};
			name = Release;
		};
/* End XCBuildConfiguration section */

/* Begin XCConfigurationList section */
		6A8D59762AD48AE300EBAA89 /* Build configuration list for PBXProject "СryptoTrader" */ = {
			isa = XCConfigurationList;
			buildConfigurations = (
				6A8D59872AD48AE700EBAA89 /* Debug */,
				6A8D59882AD48AE700EBAA89 /* Release */,
			);
			defaultConfigurationIsVisible = 0;
			defaultConfigurationName = Release;
		};
		6A8D59892AD48AE700EBAA89 /* Build configuration list for PBXNativeTarget "СryptoTrader" */ = {
			isa = XCConfigurationList;
			buildConfigurations = (
				6A8D598A2AD48AE700EBAA89 /* Debug */,
				6A8D598B2AD48AE700EBAA89 /* Release */,
			);
			defaultConfigurationIsVisible = 0;
			defaultConfigurationName = Release;
		};
/* End XCConfigurationList section */
	};
	rootObject = 6A8D59732AD48AE300EBAA89 /* Project object */;
}
